// !$*UTF8*$!
{
	archiveVersion = 1;
	classes = {
	};
	objectVersion = 50;
	objects = {

/* Begin PBXBuildFile section */
		44491D77264126FE001CC861 /* CodeSnippet.swift in Sources */ = {isa = PBXBuildFile; fileRef = 44491D76264126FE001CC861 /* CodeSnippet.swift */; };
		44491D7A2641279B001CC861 /* IfElseSnippet.swift in Sources */ = {isa = PBXBuildFile; fileRef = 44491D792641279B001CC861 /* IfElseSnippet.swift */; };
		44491D7D264128ED001CC861 /* PrintSnippet.swift in Sources */ = {isa = PBXBuildFile; fileRef = 44491D7C264128ED001CC861 /* PrintSnippet.swift */; };
		44491D8126412DF5001CC861 /* Utils.swift in Sources */ = {isa = PBXBuildFile; fileRef = 44491D8026412DF5001CC861 /* Utils.swift */; };
		44C37AA4262CFC7F00E7BD0C /* AppDelegate.swift in Sources */ = {isa = PBXBuildFile; fileRef = 44C37AA3262CFC7F00E7BD0C /* AppDelegate.swift */; };
		44C37AA6262CFC7F00E7BD0C /* SceneDelegate.swift in Sources */ = {isa = PBXBuildFile; fileRef = 44C37AA5262CFC7F00E7BD0C /* SceneDelegate.swift */; };
		44C37AA8262CFC7F00E7BD0C /* ViewController.swift in Sources */ = {isa = PBXBuildFile; fileRef = 44C37AA7262CFC7F00E7BD0C /* ViewController.swift */; };
		44C37AAB262CFC7F00E7BD0C /* Main.storyboard in Resources */ = {isa = PBXBuildFile; fileRef = 44C37AA9262CFC7F00E7BD0C /* Main.storyboard */; };
		44C37AAD262CFC8000E7BD0C /* Assets.xcassets in Resources */ = {isa = PBXBuildFile; fileRef = 44C37AAC262CFC8000E7BD0C /* Assets.xcassets */; };
		44C37AB0262CFC8000E7BD0C /* LaunchScreen.storyboard in Resources */ = {isa = PBXBuildFile; fileRef = 44C37AAE262CFC8000E7BD0C /* LaunchScreen.storyboard */; };
		44C37AD6262D0CE100E7BD0C /* PTMono-Regular.ttf in Resources */ = {isa = PBXBuildFile; fileRef = 44C37AC6262D0CE100E7BD0C /* PTMono-Regular.ttf */; };
		44C37AD7262D0CE100E7BD0C /* OFL.txt in Resources */ = {isa = PBXBuildFile; fileRef = 44C37AC7262D0CE100E7BD0C /* OFL.txt */; };
		44C37AD8262D0CE100E7BD0C /* Roboto-Medium.ttf in Resources */ = {isa = PBXBuildFile; fileRef = 44C37AC9262D0CE100E7BD0C /* Roboto-Medium.ttf */; };
		44C37AD9262D0CE100E7BD0C /* Roboto-Light.ttf in Resources */ = {isa = PBXBuildFile; fileRef = 44C37ACA262D0CE100E7BD0C /* Roboto-Light.ttf */; };
		44C37ADA262D0CE100E7BD0C /* Roboto-Regular.ttf in Resources */ = {isa = PBXBuildFile; fileRef = 44C37ACB262D0CE100E7BD0C /* Roboto-Regular.ttf */; };
		44C37ADB262D0CE100E7BD0C /* Roboto-MediumItalic.ttf in Resources */ = {isa = PBXBuildFile; fileRef = 44C37ACC262D0CE100E7BD0C /* Roboto-MediumItalic.ttf */; };
		44C37ADC262D0CE100E7BD0C /* Roboto-ThinItalic.ttf in Resources */ = {isa = PBXBuildFile; fileRef = 44C37ACD262D0CE100E7BD0C /* Roboto-ThinItalic.ttf */; };
		44C37ADD262D0CE100E7BD0C /* Roboto-BoldItalic.ttf in Resources */ = {isa = PBXBuildFile; fileRef = 44C37ACE262D0CE100E7BD0C /* Roboto-BoldItalic.ttf */; };
		44C37ADE262D0CE100E7BD0C /* Roboto-LightItalic.ttf in Resources */ = {isa = PBXBuildFile; fileRef = 44C37ACF262D0CE100E7BD0C /* Roboto-LightItalic.ttf */; };
		44C37ADF262D0CE100E7BD0C /* Roboto-Italic.ttf in Resources */ = {isa = PBXBuildFile; fileRef = 44C37AD0262D0CE100E7BD0C /* Roboto-Italic.ttf */; };
		44C37AE0262D0CE100E7BD0C /* LICENSE.txt in Resources */ = {isa = PBXBuildFile; fileRef = 44C37AD1262D0CE100E7BD0C /* LICENSE.txt */; };
		44C37AE1262D0CE100E7BD0C /* Roboto-BlackItalic.ttf in Resources */ = {isa = PBXBuildFile; fileRef = 44C37AD2262D0CE100E7BD0C /* Roboto-BlackItalic.ttf */; };
		44C37AE2262D0CE100E7BD0C /* Roboto-Bold.ttf in Resources */ = {isa = PBXBuildFile; fileRef = 44C37AD3262D0CE100E7BD0C /* Roboto-Bold.ttf */; };
		44C37AE3262D0CE100E7BD0C /* Roboto-Thin.ttf in Resources */ = {isa = PBXBuildFile; fileRef = 44C37AD4262D0CE100E7BD0C /* Roboto-Thin.ttf */; };
		44C37AE4262D0CE100E7BD0C /* Roboto-Black.ttf in Resources */ = {isa = PBXBuildFile; fileRef = 44C37AD5262D0CE100E7BD0C /* Roboto-Black.ttf */; };
		4544BAEB262FD05800CF3ACF /* ViewControllerForLoop.swift in Sources */ = {isa = PBXBuildFile; fileRef = 4544BAEA262FD05800CF3ACF /* ViewControllerForLoop.swift */; };
		4563DB68264DBF8800AFB4F8 /* ExamViewController.swift in Sources */ = {isa = PBXBuildFile; fileRef = 4563DB67264DBF8800AFB4F8 /* ExamViewController.swift */; };
		4563DB6B264DC49D00AFB4F8 /* Question.swift in Sources */ = {isa = PBXBuildFile; fileRef = 4563DB6A264DC49D00AFB4F8 /* Question.swift */; };
		45EC4A332649E6CE00DB1D31 /* ResultsViewController.swift in Sources */ = {isa = PBXBuildFile; fileRef = 45EC4A322649E6CE00DB1D31 /* ResultsViewController.swift */; };
		45FC96A6265221F70058AF59 /* CodeColor.swift in Sources */ = {isa = PBXBuildFile; fileRef = 4454716626518EAB00A7B3E8 /* CodeColor.swift */; };
		7312D4BE265239630041A38D /* Ranking.swift in Sources */ = {isa = PBXBuildFile; fileRef = 7312D4BD265239630041A38D /* Ranking.swift */; };
		7321377D262F58060092EA5A /* EditVariable.swift in Sources */ = {isa = PBXBuildFile; fileRef = 7321377C262F58060092EA5A /* EditVariable.swift */; };
		73213783262F5E7F0092EA5A /* EditSnippet.swift in Sources */ = {isa = PBXBuildFile; fileRef = 73213782262F5E7F0092EA5A /* EditSnippet.swift */; };
		73213787262F628E0092EA5A /* EditIterable.swift in Sources */ = {isa = PBXBuildFile; fileRef = 73213786262F628E0092EA5A /* EditIterable.swift */; };
		9C925AF1262D24750051D9E4 /* CodeTemplate.swift in Sources */ = {isa = PBXBuildFile; fileRef = 9C925AF0262D24750051D9E4 /* CodeTemplate.swift */; };
		9C925AF4262D26AE0051D9E4 /* Variable.swift in Sources */ = {isa = PBXBuildFile; fileRef = 9C925AF3262D26AE0051D9E4 /* Variable.swift */; };
		9C925AF7262D3CD10051D9E4 /* Step.swift in Sources */ = {isa = PBXBuildFile; fileRef = 9C925AF6262D3CD10051D9E4 /* Step.swift */; };
		9C925AFD262DCD490051D9E4 /* Enums.swift in Sources */ = {isa = PBXBuildFile; fileRef = 9C925AFC262DCD490051D9E4 /* Enums.swift */; };
/* End PBXBuildFile section */

/* Begin PBXFileReference section */
		44491D76264126FE001CC861 /* CodeSnippet.swift */ = {isa = PBXFileReference; lastKnownFileType = sourcecode.swift; path = CodeSnippet.swift; sourceTree = "<group>"; };
		44491D792641279B001CC861 /* IfElseSnippet.swift */ = {isa = PBXFileReference; lastKnownFileType = sourcecode.swift; path = IfElseSnippet.swift; sourceTree = "<group>"; };
		44491D7C264128ED001CC861 /* PrintSnippet.swift */ = {isa = PBXFileReference; lastKnownFileType = sourcecode.swift; path = PrintSnippet.swift; sourceTree = "<group>"; };
		44491D8026412DF5001CC861 /* Utils.swift */ = {isa = PBXFileReference; lastKnownFileType = sourcecode.swift; path = Utils.swift; sourceTree = "<group>"; };
		4454716626518EAB00A7B3E8 /* CodeColor.swift */ = {isa = PBXFileReference; lastKnownFileType = sourcecode.swift; path = CodeColor.swift; sourceTree = "<group>"; };
		44C37AA0262CFC7F00E7BD0C /* Learn-to-py.app */ = {isa = PBXFileReference; explicitFileType = wrapper.application; includeInIndex = 0; path = "Learn-to-py.app"; sourceTree = BUILT_PRODUCTS_DIR; };
		44C37AA3262CFC7F00E7BD0C /* AppDelegate.swift */ = {isa = PBXFileReference; lastKnownFileType = sourcecode.swift; path = AppDelegate.swift; sourceTree = "<group>"; };
		44C37AA5262CFC7F00E7BD0C /* SceneDelegate.swift */ = {isa = PBXFileReference; lastKnownFileType = sourcecode.swift; path = SceneDelegate.swift; sourceTree = "<group>"; };
		44C37AA7262CFC7F00E7BD0C /* ViewController.swift */ = {isa = PBXFileReference; lastKnownFileType = sourcecode.swift; path = ViewController.swift; sourceTree = "<group>"; };
		44C37AAA262CFC7F00E7BD0C /* Base */ = {isa = PBXFileReference; lastKnownFileType = file.storyboard; name = Base; path = Base.lproj/Main.storyboard; sourceTree = "<group>"; };
		44C37AAC262CFC8000E7BD0C /* Assets.xcassets */ = {isa = PBXFileReference; lastKnownFileType = folder.assetcatalog; path = Assets.xcassets; sourceTree = "<group>"; };
		44C37AAF262CFC8000E7BD0C /* Base */ = {isa = PBXFileReference; lastKnownFileType = file.storyboard; name = Base; path = Base.lproj/LaunchScreen.storyboard; sourceTree = "<group>"; };
		44C37AB1262CFC8000E7BD0C /* Info.plist */ = {isa = PBXFileReference; lastKnownFileType = text.plist.xml; path = Info.plist; sourceTree = "<group>"; };
		44C37AC6262D0CE100E7BD0C /* PTMono-Regular.ttf */ = {isa = PBXFileReference; lastKnownFileType = file; path = "PTMono-Regular.ttf"; sourceTree = "<group>"; };
		44C37AC7262D0CE100E7BD0C /* OFL.txt */ = {isa = PBXFileReference; fileEncoding = 4; lastKnownFileType = text; path = OFL.txt; sourceTree = "<group>"; };
		44C37AC9262D0CE100E7BD0C /* Roboto-Medium.ttf */ = {isa = PBXFileReference; lastKnownFileType = file; path = "Roboto-Medium.ttf"; sourceTree = "<group>"; };
		44C37ACA262D0CE100E7BD0C /* Roboto-Light.ttf */ = {isa = PBXFileReference; lastKnownFileType = file; path = "Roboto-Light.ttf"; sourceTree = "<group>"; };
		44C37ACB262D0CE100E7BD0C /* Roboto-Regular.ttf */ = {isa = PBXFileReference; lastKnownFileType = file; path = "Roboto-Regular.ttf"; sourceTree = "<group>"; };
		44C37ACC262D0CE100E7BD0C /* Roboto-MediumItalic.ttf */ = {isa = PBXFileReference; lastKnownFileType = file; path = "Roboto-MediumItalic.ttf"; sourceTree = "<group>"; };
		44C37ACD262D0CE100E7BD0C /* Roboto-ThinItalic.ttf */ = {isa = PBXFileReference; lastKnownFileType = file; path = "Roboto-ThinItalic.ttf"; sourceTree = "<group>"; };
		44C37ACE262D0CE100E7BD0C /* Roboto-BoldItalic.ttf */ = {isa = PBXFileReference; lastKnownFileType = file; path = "Roboto-BoldItalic.ttf"; sourceTree = "<group>"; };
		44C37ACF262D0CE100E7BD0C /* Roboto-LightItalic.ttf */ = {isa = PBXFileReference; lastKnownFileType = file; path = "Roboto-LightItalic.ttf"; sourceTree = "<group>"; };
		44C37AD0262D0CE100E7BD0C /* Roboto-Italic.ttf */ = {isa = PBXFileReference; lastKnownFileType = file; path = "Roboto-Italic.ttf"; sourceTree = "<group>"; };
		44C37AD1262D0CE100E7BD0C /* LICENSE.txt */ = {isa = PBXFileReference; fileEncoding = 4; lastKnownFileType = text; path = LICENSE.txt; sourceTree = "<group>"; };
		44C37AD2262D0CE100E7BD0C /* Roboto-BlackItalic.ttf */ = {isa = PBXFileReference; lastKnownFileType = file; path = "Roboto-BlackItalic.ttf"; sourceTree = "<group>"; };
		44C37AD3262D0CE100E7BD0C /* Roboto-Bold.ttf */ = {isa = PBXFileReference; lastKnownFileType = file; path = "Roboto-Bold.ttf"; sourceTree = "<group>"; };
		44C37AD4262D0CE100E7BD0C /* Roboto-Thin.ttf */ = {isa = PBXFileReference; lastKnownFileType = file; path = "Roboto-Thin.ttf"; sourceTree = "<group>"; };
		44C37AD5262D0CE100E7BD0C /* Roboto-Black.ttf */ = {isa = PBXFileReference; lastKnownFileType = file; path = "Roboto-Black.ttf"; sourceTree = "<group>"; };
		4544BAEA262FD05800CF3ACF /* ViewControllerForLoop.swift */ = {isa = PBXFileReference; lastKnownFileType = sourcecode.swift; path = ViewControllerForLoop.swift; sourceTree = "<group>"; };
		4563DB67264DBF8800AFB4F8 /* ExamViewController.swift */ = {isa = PBXFileReference; lastKnownFileType = sourcecode.swift; path = ExamViewController.swift; sourceTree = "<group>"; };
		4563DB6A264DC49D00AFB4F8 /* Question.swift */ = {isa = PBXFileReference; lastKnownFileType = sourcecode.swift; path = Question.swift; sourceTree = "<group>"; };
		45EC4A322649E6CE00DB1D31 /* ResultsViewController.swift */ = {isa = PBXFileReference; lastKnownFileType = sourcecode.swift; path = ResultsViewController.swift; sourceTree = "<group>"; };
		7312D4BD265239630041A38D /* Ranking.swift */ = {isa = PBXFileReference; lastKnownFileType = sourcecode.swift; path = Ranking.swift; sourceTree = "<group>"; };
		7321377C262F58060092EA5A /* EditVariable.swift */ = {isa = PBXFileReference; lastKnownFileType = sourcecode.swift; path = EditVariable.swift; sourceTree = "<group>"; };
		73213782262F5E7F0092EA5A /* EditSnippet.swift */ = {isa = PBXFileReference; lastKnownFileType = sourcecode.swift; path = EditSnippet.swift; sourceTree = "<group>"; };
		73213786262F628E0092EA5A /* EditIterable.swift */ = {isa = PBXFileReference; lastKnownFileType = sourcecode.swift; path = EditIterable.swift; sourceTree = "<group>"; };
		9C925AF0262D24750051D9E4 /* CodeTemplate.swift */ = {isa = PBXFileReference; lastKnownFileType = sourcecode.swift; path = CodeTemplate.swift; sourceTree = "<group>"; };
		9C925AF3262D26AE0051D9E4 /* Variable.swift */ = {isa = PBXFileReference; lastKnownFileType = sourcecode.swift; path = Variable.swift; sourceTree = "<group>"; };
		9C925AF6262D3CD10051D9E4 /* Step.swift */ = {isa = PBXFileReference; lastKnownFileType = sourcecode.swift; path = Step.swift; sourceTree = "<group>"; };
		9C925AFC262DCD490051D9E4 /* Enums.swift */ = {isa = PBXFileReference; lastKnownFileType = sourcecode.swift; path = Enums.swift; sourceTree = "<group>"; };
/* End PBXFileReference section */

/* Begin PBXFrameworksBuildPhase section */
		44C37A9D262CFC7F00E7BD0C /* Frameworks */ = {
			isa = PBXFrameworksBuildPhase;
			buildActionMask = 2147483647;
			files = (
			);
			runOnlyForDeploymentPostprocessing = 0;
		};
/* End PBXFrameworksBuildPhase section */

/* Begin PBXGroup section */
		44491D732641263B001CC861 /* interpreter */ = {
			isa = PBXGroup;
			children = (
				44491D75264126A2001CC861 /* snippets */,
				9C925AF0262D24750051D9E4 /* CodeTemplate.swift */,
				44491D76264126FE001CC861 /* CodeSnippet.swift */,
				9C925AF3262D26AE0051D9E4 /* Variable.swift */,
				9C925AF6262D3CD10051D9E4 /* Step.swift */,
				9C925AFC262DCD490051D9E4 /* Enums.swift */,
				44491D8026412DF5001CC861 /* Utils.swift */,
			);
			path = interpreter;
			sourceTree = "<group>";
		};
		44491D75264126A2001CC861 /* snippets */ = {
			isa = PBXGroup;
			children = (
				44491D792641279B001CC861 /* IfElseSnippet.swift */,
				44491D7C264128ED001CC861 /* PrintSnippet.swift */,
			);
			path = snippets;
			sourceTree = "<group>";
		};
		44C37A97262CFC7F00E7BD0C = {
			isa = PBXGroup;
			children = (
				44C37AA2262CFC7F00E7BD0C /* Learn-to-py */,
				44C37AA1262CFC7F00E7BD0C /* Products */,
			);
			sourceTree = "<group>";
		};
		44C37AA1262CFC7F00E7BD0C /* Products */ = {
			isa = PBXGroup;
			children = (
				44C37AA0262CFC7F00E7BD0C /* Learn-to-py.app */,
			);
			name = Products;
			sourceTree = "<group>";
		};
		44C37AA2262CFC7F00E7BD0C /* Learn-to-py */ = {
			isa = PBXGroup;
			children = (
				44491D732641263B001CC861 /* interpreter */,
				44C37AC4262D0CE100E7BD0C /* fonts */,
				44C37AA3262CFC7F00E7BD0C /* AppDelegate.swift */,
				44C37AA5262CFC7F00E7BD0C /* SceneDelegate.swift */,
				44C37AA9262CFC7F00E7BD0C /* Main.storyboard */,
				4454716626518EAB00A7B3E8 /* CodeColor.swift */,
				4563DB6A264DC49D00AFB4F8 /* Question.swift */,
				4563DB67264DBF8800AFB4F8 /* ExamViewController.swift */,
				7312D4BD265239630041A38D /* Ranking.swift */,
				45EC4A322649E6CE00DB1D31 /* ResultsViewController.swift */,
				44C37AAC262CFC8000E7BD0C /* Assets.xcassets */,
				44C37AAE262CFC8000E7BD0C /* LaunchScreen.storyboard */,
				44C37AB1262CFC8000E7BD0C /* Info.plist */,
				7321377C262F58060092EA5A /* EditVariable.swift */,
				73213782262F5E7F0092EA5A /* EditSnippet.swift */,
				73213786262F628E0092EA5A /* EditIterable.swift */,
				44C37AA7262CFC7F00E7BD0C /* ViewController.swift */,
				4544BAEA262FD05800CF3ACF /* ViewControllerForLoop.swift */,
			);
			path = "Learn-to-py";
			sourceTree = "<group>";
		};
		44C37AC4262D0CE100E7BD0C /* fonts */ = {
			isa = PBXGroup;
			children = (
				44C37AC5262D0CE100E7BD0C /* PT_Mono */,
				44C37AC8262D0CE100E7BD0C /* Roboto */,
			);
			path = fonts;
			sourceTree = "<group>";
		};
		44C37AC5262D0CE100E7BD0C /* PT_Mono */ = {
			isa = PBXGroup;
			children = (
				44C37AC6262D0CE100E7BD0C /* PTMono-Regular.ttf */,
				44C37AC7262D0CE100E7BD0C /* OFL.txt */,
			);
			path = PT_Mono;
			sourceTree = "<group>";
		};
		44C37AC8262D0CE100E7BD0C /* Roboto */ = {
			isa = PBXGroup;
			children = (
				44C37AC9262D0CE100E7BD0C /* Roboto-Medium.ttf */,
				44C37ACA262D0CE100E7BD0C /* Roboto-Light.ttf */,
				44C37ACB262D0CE100E7BD0C /* Roboto-Regular.ttf */,
				44C37ACC262D0CE100E7BD0C /* Roboto-MediumItalic.ttf */,
				44C37ACD262D0CE100E7BD0C /* Roboto-ThinItalic.ttf */,
				44C37ACE262D0CE100E7BD0C /* Roboto-BoldItalic.ttf */,
				44C37ACF262D0CE100E7BD0C /* Roboto-LightItalic.ttf */,
				44C37AD0262D0CE100E7BD0C /* Roboto-Italic.ttf */,
				44C37AD1262D0CE100E7BD0C /* LICENSE.txt */,
				44C37AD2262D0CE100E7BD0C /* Roboto-BlackItalic.ttf */,
				44C37AD3262D0CE100E7BD0C /* Roboto-Bold.ttf */,
				44C37AD4262D0CE100E7BD0C /* Roboto-Thin.ttf */,
				44C37AD5262D0CE100E7BD0C /* Roboto-Black.ttf */,
			);
			path = Roboto;
			sourceTree = "<group>";
		};
/* End PBXGroup section */

/* Begin PBXNativeTarget section */
		44C37A9F262CFC7F00E7BD0C /* Learn-to-py */ = {
			isa = PBXNativeTarget;
			buildConfigurationList = 44C37AB4262CFC8000E7BD0C /* Build configuration list for PBXNativeTarget "Learn-to-py" */;
			buildPhases = (
				44C37A9C262CFC7F00E7BD0C /* Sources */,
				44C37A9D262CFC7F00E7BD0C /* Frameworks */,
				44C37A9E262CFC7F00E7BD0C /* Resources */,
			);
			buildRules = (
			);
			dependencies = (
			);
			name = "Learn-to-py";
			productName = "Learn-to-py";
			productReference = 44C37AA0262CFC7F00E7BD0C /* Learn-to-py.app */;
			productType = "com.apple.product-type.application";
		};
/* End PBXNativeTarget section */

/* Begin PBXProject section */
		44C37A98262CFC7F00E7BD0C /* Project object */ = {
			isa = PBXProject;
			attributes = {
				LastSwiftUpdateCheck = 1240;
				LastUpgradeCheck = 1240;
				TargetAttributes = {
					44C37A9F262CFC7F00E7BD0C = {
						CreatedOnToolsVersion = 12.4;
					};
				};
			};
			buildConfigurationList = 44C37A9B262CFC7F00E7BD0C /* Build configuration list for PBXProject "Learn-to-py" */;
			compatibilityVersion = "Xcode 9.3";
			developmentRegion = en;
			hasScannedForEncodings = 0;
			knownRegions = (
				en,
				Base,
			);
			mainGroup = 44C37A97262CFC7F00E7BD0C;
			productRefGroup = 44C37AA1262CFC7F00E7BD0C /* Products */;
			projectDirPath = "";
			projectRoot = "";
			targets = (
				44C37A9F262CFC7F00E7BD0C /* Learn-to-py */,
			);
		};
/* End PBXProject section */

/* Begin PBXResourcesBuildPhase section */
		44C37A9E262CFC7F00E7BD0C /* Resources */ = {
			isa = PBXResourcesBuildPhase;
			buildActionMask = 2147483647;
			files = (
				44C37ADC262D0CE100E7BD0C /* Roboto-ThinItalic.ttf in Resources */,
				44C37ADD262D0CE100E7BD0C /* Roboto-BoldItalic.ttf in Resources */,
				44C37AE3262D0CE100E7BD0C /* Roboto-Thin.ttf in Resources */,
				44C37ADE262D0CE100E7BD0C /* Roboto-LightItalic.ttf in Resources */,
				44C37AD7262D0CE100E7BD0C /* OFL.txt in Resources */,
				44C37AE4262D0CE100E7BD0C /* Roboto-Black.ttf in Resources */,
				44C37AB0262CFC8000E7BD0C /* LaunchScreen.storyboard in Resources */,
				44C37ADF262D0CE100E7BD0C /* Roboto-Italic.ttf in Resources */,
				44C37AE0262D0CE100E7BD0C /* LICENSE.txt in Resources */,
				44C37AE1262D0CE100E7BD0C /* Roboto-BlackItalic.ttf in Resources */,
				44C37ADA262D0CE100E7BD0C /* Roboto-Regular.ttf in Resources */,
				44C37AD8262D0CE100E7BD0C /* Roboto-Medium.ttf in Resources */,
				44C37AAD262CFC8000E7BD0C /* Assets.xcassets in Resources */,
				44C37AD9262D0CE100E7BD0C /* Roboto-Light.ttf in Resources */,
				44C37AD6262D0CE100E7BD0C /* PTMono-Regular.ttf in Resources */,
				44C37ADB262D0CE100E7BD0C /* Roboto-MediumItalic.ttf in Resources */,
				44C37AE2262D0CE100E7BD0C /* Roboto-Bold.ttf in Resources */,
				44C37AAB262CFC7F00E7BD0C /* Main.storyboard in Resources */,
			);
			runOnlyForDeploymentPostprocessing = 0;
		};
/* End PBXResourcesBuildPhase section */

/* Begin PBXSourcesBuildPhase section */
		44C37A9C262CFC7F00E7BD0C /* Sources */ = {
			isa = PBXSourcesBuildPhase;
			buildActionMask = 2147483647;
			files = (
				4563DB6B264DC49D00AFB4F8 /* Question.swift in Sources */,
				9C925AF1262D24750051D9E4 /* CodeTemplate.swift in Sources */,
				44491D77264126FE001CC861 /* CodeSnippet.swift in Sources */,
				44C37AA8262CFC7F00E7BD0C /* ViewController.swift in Sources */,
				44C37AA4262CFC7F00E7BD0C /* AppDelegate.swift in Sources */,
				4563DB68264DBF8800AFB4F8 /* ExamViewController.swift in Sources */,
				73213787262F628E0092EA5A /* EditIterable.swift in Sources */,
				44491D8126412DF5001CC861 /* Utils.swift in Sources */,
				44491D7D264128ED001CC861 /* PrintSnippet.swift in Sources */,
				44C37AA6262CFC7F00E7BD0C /* SceneDelegate.swift in Sources */,
				7321377D262F58060092EA5A /* EditVariable.swift in Sources */,
				9C925AF4262D26AE0051D9E4 /* Variable.swift in Sources */,
				44491D7A2641279B001CC861 /* IfElseSnippet.swift in Sources */,
				73213783262F5E7F0092EA5A /* EditSnippet.swift in Sources */,
				7312D4BE265239630041A38D /* Ranking.swift in Sources */,
				45FC96A6265221F70058AF59 /* CodeColor.swift in Sources */,
				9C925AFD262DCD490051D9E4 /* Enums.swift in Sources */,
				45EC4A332649E6CE00DB1D31 /* ResultsViewController.swift in Sources */,
				9C925AF7262D3CD10051D9E4 /* Step.swift in Sources */,
				4544BAEB262FD05800CF3ACF /* ViewControllerForLoop.swift in Sources */,
			);
			runOnlyForDeploymentPostprocessing = 0;
		};
/* End PBXSourcesBuildPhase section */

/* Begin PBXVariantGroup section */
		44C37AA9262CFC7F00E7BD0C /* Main.storyboard */ = {
			isa = PBXVariantGroup;
			children = (
				44C37AAA262CFC7F00E7BD0C /* Base */,
			);
			name = Main.storyboard;
			sourceTree = "<group>";
		};
		44C37AAE262CFC8000E7BD0C /* LaunchScreen.storyboard */ = {
			isa = PBXVariantGroup;
			children = (
				44C37AAF262CFC8000E7BD0C /* Base */,
			);
			name = LaunchScreen.storyboard;
			sourceTree = "<group>";
		};
/* End PBXVariantGroup section */

/* Begin XCBuildConfiguration section */
		44C37AB2262CFC8000E7BD0C /* Debug */ = {
			isa = XCBuildConfiguration;
			buildSettings = {
				ALWAYS_SEARCH_USER_PATHS = NO;
				CLANG_ANALYZER_NONNULL = YES;
				CLANG_ANALYZER_NUMBER_OBJECT_CONVERSION = YES_AGGRESSIVE;
				CLANG_CXX_LANGUAGE_STANDARD = "gnu++14";
				CLANG_CXX_LIBRARY = "libc++";
				CLANG_ENABLE_MODULES = YES;
				CLANG_ENABLE_OBJC_ARC = YES;
				CLANG_ENABLE_OBJC_WEAK = YES;
				CLANG_WARN_BLOCK_CAPTURE_AUTORELEASING = YES;
				CLANG_WARN_BOOL_CONVERSION = YES;
				CLANG_WARN_COMMA = YES;
				CLANG_WARN_CONSTANT_CONVERSION = YES;
				CLANG_WARN_DEPRECATED_OBJC_IMPLEMENTATIONS = YES;
				CLANG_WARN_DIRECT_OBJC_ISA_USAGE = YES_ERROR;
				CLANG_WARN_DOCUMENTATION_COMMENTS = YES;
				CLANG_WARN_EMPTY_BODY = YES;
				CLANG_WARN_ENUM_CONVERSION = YES;
				CLANG_WARN_INFINITE_RECURSION = YES;
				CLANG_WARN_INT_CONVERSION = YES;
				CLANG_WARN_NON_LITERAL_NULL_CONVERSION = YES;
				CLANG_WARN_OBJC_IMPLICIT_RETAIN_SELF = YES;
				CLANG_WARN_OBJC_LITERAL_CONVERSION = YES;
				CLANG_WARN_OBJC_ROOT_CLASS = YES_ERROR;
				CLANG_WARN_QUOTED_INCLUDE_IN_FRAMEWORK_HEADER = YES;
				CLANG_WARN_RANGE_LOOP_ANALYSIS = YES;
				CLANG_WARN_STRICT_PROTOTYPES = YES;
				CLANG_WARN_SUSPICIOUS_MOVE = YES;
				CLANG_WARN_UNGUARDED_AVAILABILITY = YES_AGGRESSIVE;
				CLANG_WARN_UNREACHABLE_CODE = YES;
				CLANG_WARN__DUPLICATE_METHOD_MATCH = YES;
				COPY_PHASE_STRIP = NO;
				DEBUG_INFORMATION_FORMAT = dwarf;
				ENABLE_STRICT_OBJC_MSGSEND = YES;
				ENABLE_TESTABILITY = YES;
				GCC_C_LANGUAGE_STANDARD = gnu11;
				GCC_DYNAMIC_NO_PIC = NO;
				GCC_NO_COMMON_BLOCKS = YES;
				GCC_OPTIMIZATION_LEVEL = 0;
				GCC_PREPROCESSOR_DEFINITIONS = (
					"DEBUG=1",
					"$(inherited)",
				);
				GCC_WARN_64_TO_32_BIT_CONVERSION = YES;
				GCC_WARN_ABOUT_RETURN_TYPE = YES_ERROR;
				GCC_WARN_UNDECLARED_SELECTOR = YES;
				GCC_WARN_UNINITIALIZED_AUTOS = YES_AGGRESSIVE;
				GCC_WARN_UNUSED_FUNCTION = YES;
				GCC_WARN_UNUSED_VARIABLE = YES;
				IPHONEOS_DEPLOYMENT_TARGET = 14.4;
				MTL_ENABLE_DEBUG_INFO = INCLUDE_SOURCE;
				MTL_FAST_MATH = YES;
				ONLY_ACTIVE_ARCH = YES;
				SDKROOT = iphoneos;
				SWIFT_ACTIVE_COMPILATION_CONDITIONS = DEBUG;
				SWIFT_OPTIMIZATION_LEVEL = "-Onone";
			};
			name = Debug;
		};
		44C37AB3262CFC8000E7BD0C /* Release */ = {
			isa = XCBuildConfiguration;
			buildSettings = {
				ALWAYS_SEARCH_USER_PATHS = NO;
				CLANG_ANALYZER_NONNULL = YES;
				CLANG_ANALYZER_NUMBER_OBJECT_CONVERSION = YES_AGGRESSIVE;
				CLANG_CXX_LANGUAGE_STANDARD = "gnu++14";
				CLANG_CXX_LIBRARY = "libc++";
				CLANG_ENABLE_MODULES = YES;
				CLANG_ENABLE_OBJC_ARC = YES;
				CLANG_ENABLE_OBJC_WEAK = YES;
				CLANG_WARN_BLOCK_CAPTURE_AUTORELEASING = YES;
				CLANG_WARN_BOOL_CONVERSION = YES;
				CLANG_WARN_COMMA = YES;
				CLANG_WARN_CONSTANT_CONVERSION = YES;
				CLANG_WARN_DEPRECATED_OBJC_IMPLEMENTATIONS = YES;
				CLANG_WARN_DIRECT_OBJC_ISA_USAGE = YES_ERROR;
				CLANG_WARN_DOCUMENTATION_COMMENTS = YES;
				CLANG_WARN_EMPTY_BODY = YES;
				CLANG_WARN_ENUM_CONVERSION = YES;
				CLANG_WARN_INFINITE_RECURSION = YES;
				CLANG_WARN_INT_CONVERSION = YES;
				CLANG_WARN_NON_LITERAL_NULL_CONVERSION = YES;
				CLANG_WARN_OBJC_IMPLICIT_RETAIN_SELF = YES;
				CLANG_WARN_OBJC_LITERAL_CONVERSION = YES;
				CLANG_WARN_OBJC_ROOT_CLASS = YES_ERROR;
				CLANG_WARN_QUOTED_INCLUDE_IN_FRAMEWORK_HEADER = YES;
				CLANG_WARN_RANGE_LOOP_ANALYSIS = YES;
				CLANG_WARN_STRICT_PROTOTYPES = YES;
				CLANG_WARN_SUSPICIOUS_MOVE = YES;
				CLANG_WARN_UNGUARDED_AVAILABILITY = YES_AGGRESSIVE;
				CLANG_WARN_UNREACHABLE_CODE = YES;
				CLANG_WARN__DUPLICATE_METHOD_MATCH = YES;
				COPY_PHASE_STRIP = NO;
				DEBUG_INFORMATION_FORMAT = "dwarf-with-dsym";
				ENABLE_NS_ASSERTIONS = NO;
				ENABLE_STRICT_OBJC_MSGSEND = YES;
				GCC_C_LANGUAGE_STANDARD = gnu11;
				GCC_NO_COMMON_BLOCKS = YES;
				GCC_WARN_64_TO_32_BIT_CONVERSION = YES;
				GCC_WARN_ABOUT_RETURN_TYPE = YES_ERROR;
				GCC_WARN_UNDECLARED_SELECTOR = YES;
				GCC_WARN_UNINITIALIZED_AUTOS = YES_AGGRESSIVE;
				GCC_WARN_UNUSED_FUNCTION = YES;
				GCC_WARN_UNUSED_VARIABLE = YES;
				IPHONEOS_DEPLOYMENT_TARGET = 14.4;
				MTL_ENABLE_DEBUG_INFO = NO;
				MTL_FAST_MATH = YES;
				SDKROOT = iphoneos;
				SWIFT_COMPILATION_MODE = wholemodule;
				SWIFT_OPTIMIZATION_LEVEL = "-O";
				VALIDATE_PRODUCT = YES;
			};
			name = Release;
		};
		44C37AB5262CFC8000E7BD0C /* Debug */ = {
			isa = XCBuildConfiguration;
			buildSettings = {
				ASSETCATALOG_COMPILER_APPICON_NAME = AppIcon;
				ASSETCATALOG_COMPILER_GLOBAL_ACCENT_COLOR_NAME = AccentColor;
				CODE_SIGN_STYLE = Automatic;
				INFOPLIST_FILE = "Learn-to-py/Info.plist";
				LD_RUNPATH_SEARCH_PATHS = (
					"$(inherited)",
					"@executable_path/Frameworks",
				);
				PRODUCT_BUNDLE_IDENTIFIER = "com.patoguereque.itesm.Learn-to-py";
				PRODUCT_NAME = "$(TARGET_NAME)";
				SWIFT_VERSION = 5.0;
				TARGETED_DEVICE_FAMILY = "1,2";
			};
			name = Debug;
		};
		44C37AB6262CFC8000E7BD0C /* Release */ = {
			isa = XCBuildConfiguration;
			buildSettings = {
				ASSETCATALOG_COMPILER_APPICON_NAME = AppIcon;
				ASSETCATALOG_COMPILER_GLOBAL_ACCENT_COLOR_NAME = AccentColor;
				CODE_SIGN_STYLE = Automatic;
				INFOPLIST_FILE = "Learn-to-py/Info.plist";
				LD_RUNPATH_SEARCH_PATHS = (
					"$(inherited)",
					"@executable_path/Frameworks",
				);
				PRODUCT_BUNDLE_IDENTIFIER = "com.patoguereque.itesm.Learn-to-py";
				PRODUCT_NAME = "$(TARGET_NAME)";
				SWIFT_VERSION = 5.0;
				TARGETED_DEVICE_FAMILY = "1,2";
			};
			name = Release;
		};
/* End XCBuildConfiguration section */

/* Begin XCConfigurationList section */
		44C37A9B262CFC7F00E7BD0C /* Build configuration list for PBXProject "Learn-to-py" */ = {
			isa = XCConfigurationList;
			buildConfigurations = (
				44C37AB2262CFC8000E7BD0C /* Debug */,
				44C37AB3262CFC8000E7BD0C /* Release */,
			);
			defaultConfigurationIsVisible = 0;
			defaultConfigurationName = Release;
		};
		44C37AB4262CFC8000E7BD0C /* Build configuration list for PBXNativeTarget "Learn-to-py" */ = {
			isa = XCConfigurationList;
			buildConfigurations = (
				44C37AB5262CFC8000E7BD0C /* Debug */,
				44C37AB6262CFC8000E7BD0C /* Release */,
			);
			defaultConfigurationIsVisible = 0;
			defaultConfigurationName = Release;
		};
/* End XCConfigurationList section */
	};
	rootObject = 44C37A98262CFC7F00E7BD0C /* Project object */;
}
